# THIS IS AN AUTOGENERATED FILE. DO NOT EDIT THIS FILE DIRECTLY.
# yarn lockfile v1


php-array-parser@^1.0.0:
  version "1.0.0"
  resolved "https://registry.yarnpkg.com/php-array-parser/-/php-array-parser-1.0.0.tgz#af4060607b9f79c7e14a52bf11eaff660de583cb"
  dependencies:
    php-parser "^2.0.3"

php-parser@^2.0.3:
  version "2.0.3"
  resolved "https://registry.yarnpkg.com/php-parser/-/php-parser-2.0.3.tgz#9682eb501f0f4de53acf4f5e29be6a9553be1fb1"
